
Microsoft Visual Studio Solution File, Format Version 12.00
# Visual Studio Version 16
VisualStudioVersion = 16.0.30406.217
MinimumVisualStudioVersion = 10.0.40219.1
Project("{FAE04EC0-301F-11D3-BF4B-00C04F79EFBC}") = "BridgeDesign_Pattern", "BridgeDesign_Pattern\BridgeDesign_Pattern.csproj", "{7B95CBAD-9850-4AF4-847F-74907AF242A2}"
EndProject
Project("{FAE04EC0-301F-11D3-BF4B-00C04F79EFBC}") = "SingletonDesign_Pattern", "SingletonDesign_Pattern\SingletonDesign_Pattern.csproj", "{3E746BE1-FE9D-491F-8F38-6623B1CA097F}"
EndProject
Project("{FAE04EC0-301F-11D3-BF4B-00C04F79EFBC}") = "BuilderDesign_Pattern", "Bu\BuilderDesign_Pattern.csproj", "{DF0F87CA-494A-40FC-8DB3-0EE2CA6B90EE}"
EndProject
Project("{FAE04EC0-301F-11D3-BF4B-00C04F79EFBC}") = "ObserverDesign_Pattern", "ObserverDesign_Pattern\ObserverDesign_Pattern.csproj", "{D0D01830-C3E7-45C0-A372-04BD8EA272CF}"
EndProject
Global
	GlobalSection(SolutionConfigurationPlatforms) = preSolution
		Debug|Any CPU = Debug|Any CPU
		Release|Any CPU = Release|Any CPU
	EndGlobalSection
	GlobalSection(ProjectConfigurationPlatforms) = postSolution
		{7B95CBAD-9850-4AF4-847F-74907AF242A2}.Debug|Any CPU.ActiveCfg = Debug|Any CPU
		{7B95CBAD-9850-4AF4-847F-74907AF242A2}.Debug|Any CPU.Build.0 = Debug|Any CPU
		{7B95CBAD-9850-4AF4-847F-74907AF242A2}.Release|Any CPU.ActiveCfg = Release|Any CPU
		{7B95CBAD-9850-4AF4-847F-74907AF242A2}.Release|Any CPU.Build.0 = Release|Any CPU
		{3E746BE1-FE9D-491F-8F38-6623B1CA097F}.Debug|Any CPU.ActiveCfg = Debug|Any CPU
		{3E746BE1-FE9D-491F-8F38-6623B1CA097F}.Debug|Any CPU.Build.0 = Debug|Any CPU
		{3E746BE1-FE9D-491F-8F38-6623B1CA097F}.Release|Any CPU.ActiveCfg = Release|Any CPU
		{3E746BE1-FE9D-491F-8F38-6623B1CA097F}.Release|Any CPU.Build.0 = Release|Any CPU
		{DF0F87CA-494A-40FC-8DB3-0EE2CA6B90EE}.Debug|Any CPU.ActiveCfg = Debug|Any CPU
		{DF0F87CA-494A-40FC-8DB3-0EE2CA6B90EE}.Debug|Any CPU.Build.0 = Debug|Any CPU
		{DF0F87CA-494A-40FC-8DB3-0EE2CA6B90EE}.Release|Any CPU.ActiveCfg = Release|Any CPU
		{DF0F87CA-494A-40FC-8DB3-0EE2CA6B90EE}.Release|Any CPU.Build.0 = Release|Any CPU
		{D0D01830-C3E7-45C0-A372-04BD8EA272CF}.Debug|Any CPU.ActiveCfg = Debug|Any CPU
		{D0D01830-C3E7-45C0-A372-04BD8EA272CF}.Debug|Any CPU.Build.0 = Debug|Any CPU
		{D0D01830-C3E7-45C0-A372-04BD8EA272CF}.Release|Any CPU.ActiveCfg = Release|Any CPU
		{D0D01830-C3E7-45C0-A372-04BD8EA272CF}.Release|Any CPU.Build.0 = Release|Any CPU
	EndGlobalSection
	GlobalSection(SolutionProperties) = preSolution
		HideSolutionNode = FALSE
	EndGlobalSection
	GlobalSection(ExtensibilityGlobals) = postSolution
		SolutionGuid = {0FE1C1AC-8DBA-4334-AC13-ADD7A3591AFE}
	EndGlobalSection
EndGlobal
